
Microsoft Visual Studio Solution File, Format Version 12.00
# Visual Studio Version 17
VisualStudioVersion = 17.0.31903.59
MinimumVisualStudioVersion = 10.0.40219.1
Project("{FAE04EC0-301F-11D3-BF4B-00C04F79EFBC}") = "GestVta.Api", "GestVta.Api\GestVta.Api.csproj", "{0C215252-872F-4290-A400-DD268FBC5C3A}"
EndProject
Project("{FAE04EC0-301F-11D3-BF4B-00C04F79EFBC}") = "GestVta.Repositories", "GestVta.Repositories\GestVta.Repositories.csproj", "{5E711480-4C9A-4488-9D3C-C8114C925A41}"
EndProject
Project("{FAE04EC0-301F-11D3-BF4B-00C04F79EFBC}") = "GestVta.Services", "GestVta.Services\GestVta.Services.csproj", "{256407EE-3A02-4CA5-8E4E-66A3C7CA152D}"
EndProject
Global
	GlobalSection(SolutionConfigurationPlatforms) = preSolution
		Debug|Any CPU = Debug|Any CPU
		Debug|x64 = Debug|x64
		Debug|x86 = Debug|x86
		Release|Any CPU = Release|Any CPU
		Release|x64 = Release|x64
		Release|x86 = Release|x86
	EndGlobalSection
	GlobalSection(ProjectConfigurationPlatforms) = postSolution
		{0C215252-872F-4290-A400-DD268FBC5C3A}.Debug|Any CPU.ActiveCfg = Debug|Any CPU
		{0C215252-872F-4290-A400-DD268FBC5C3A}.Debug|Any CPU.Build.0 = Debug|Any CPU
		{0C215252-872F-4290-A400-DD268FBC5C3A}.Debug|x64.ActiveCfg = Debug|Any CPU
		{0C215252-872F-4290-A400-DD268FBC5C3A}.Debug|x64.Build.0 = Debug|Any CPU
		{0C215252-872F-4290-A400-DD268FBC5C3A}.Debug|x86.ActiveCfg = Debug|Any CPU
		{0C215252-872F-4290-A400-DD268FBC5C3A}.Debug|x86.Build.0 = Debug|Any CPU
		{0C215252-872F-4290-A400-DD268FBC5C3A}.Release|Any CPU.ActiveCfg = Release|Any CPU
		{0C215252-872F-4290-A400-DD268FBC5C3A}.Release|Any CPU.Build.0 = Release|Any CPU
		{0C215252-872F-4290-A400-DD268FBC5C3A}.Release|x64.ActiveCfg = Release|Any CPU
		{0C215252-872F-4290-A400-DD268FBC5C3A}.Release|x64.Build.0 = Release|Any CPU
		{0C215252-872F-4290-A400-DD268FBC5C3A}.Release|x86.ActiveCfg = Release|Any CPU
		{0C215252-872F-4290-A400-DD268FBC5C3A}.Release|x86.Build.0 = Release|Any CPU
		{5E711480-4C9A-4488-9D3C-C8114C925A41}.Debug|Any CPU.ActiveCfg = Debug|Any CPU
		{5E711480-4C9A-4488-9D3C-C8114C925A41}.Debug|Any CPU.Build.0 = Debug|Any CPU
		{5E711480-4C9A-4488-9D3C-C8114C925A41}.Debug|x64.ActiveCfg = Debug|Any CPU
		{5E711480-4C9A-4488-9D3C-C8114C925A41}.Debug|x64.Build.0 = Debug|Any CPU
		{5E711480-4C9A-4488-9D3C-C8114C925A41}.Debug|x86.ActiveCfg = Debug|Any CPU
		{5E711480-4C9A-4488-9D3C-C8114C925A41}.Debug|x86.Build.0 = Debug|Any CPU
		{5E711480-4C9A-4488-9D3C-C8114C925A41}.Release|Any CPU.ActiveCfg = Release|Any CPU
		{5E711480-4C9A-4488-9D3C-C8114C925A41}.Release|Any CPU.Build.0 = Release|Any CPU
		{5E711480-4C9A-4488-9D3C-C8114C925A41}.Release|x64.ActiveCfg = Release|Any CPU
		{5E711480-4C9A-4488-9D3C-C8114C925A41}.Release|x64.Build.0 = Release|Any CPU
		{5E711480-4C9A-4488-9D3C-C8114C925A41}.Release|x86.ActiveCfg = Release|Any CPU
		{5E711480-4C9A-4488-9D3C-C8114C925A41}.Release|x86.Build.0 = Release|Any CPU
		{256407EE-3A02-4CA5-8E4E-66A3C7CA152D}.Debug|Any CPU.ActiveCfg = Debug|Any CPU
		{256407EE-3A02-4CA5-8E4E-66A3C7CA152D}.Debug|Any CPU.Build.0 = Debug|Any CPU
		{256407EE-3A02-4CA5-8E4E-66A3C7CA152D}.Debug|x64.ActiveCfg = Debug|Any CPU
		{256407EE-3A02-4CA5-8E4E-66A3C7CA152D}.Debug|x64.Build.0 = Debug|Any CPU
		{256407EE-3A02-4CA5-8E4E-66A3C7CA152D}.Debug|x86.ActiveCfg = Debug|Any CPU
		{256407EE-3A02-4CA5-8E4E-66A3C7CA152D}.Debug|x86.Build.0 = Debug|Any CPU
		{256407EE-3A02-4CA5-8E4E-66A3C7CA152D}.Release|Any CPU.ActiveCfg = Release|Any CPU
		{256407EE-3A02-4CA5-8E4E-66A3C7CA152D}.Release|Any CPU.Build.0 = Release|Any CPU
		{256407EE-3A02-4CA5-8E4E-66A3C7CA152D}.Release|x64.ActiveCfg = Release|Any CPU
		{256407EE-3A02-4CA5-8E4E-66A3C7CA152D}.Release|x64.Build.0 = Release|Any CPU
		{256407EE-3A02-4CA5-8E4E-66A3C7CA152D}.Release|x86.ActiveCfg = Release|Any CPU
		{256407EE-3A02-4CA5-8E4E-66A3C7CA152D}.Release|x86.Build.0 = Release|Any CPU
	EndGlobalSection
	GlobalSection(SolutionProperties) = preSolution
		HideSolutionNode = FALSE
	EndGlobalSection
EndGlobal
